
Microsoft Visual Studio Solution File, Format Version 12.00
# Visual Studio Version 17
VisualStudioVersion = 17.3.32804.467
MinimumVisualStudioVersion = 10.0.40219.1
Project("{9A19103F-16F7-4668-BE54-9A1E7A4F7556}") = "AnadoluParamApi", "AnadoluParamApi\AnadoluParamApi.csproj", "{103477D2-0A0D-43E2-BAE8-721DDAE607CB}"
EndProject
Project("{FAE04EC0-301F-11D3-BF4B-00C04F79EFBC}") = "AnadoluParamApi.Base", "AnadoluParamApi.Base\AnadoluParamApi.Base.csproj", "{A3B69ED0-AF20-4220-A21D-E6C4B44AF122}"
EndProject
Project("{FAE04EC0-301F-11D3-BF4B-00C04F79EFBC}") = "AnadoluParamApi.Data", "AnadoluParamApi.Data\AnadoluParamApi.Data.csproj", "{433FC799-498F-4EBD-9DE9-6AC949C0C6BA}"
EndProject
Global
	GlobalSection(SolutionConfigurationPlatforms) = preSolution
		Debug|Any CPU = Debug|Any CPU
		Release|Any CPU = Release|Any CPU
	EndGlobalSection
	GlobalSection(ProjectConfigurationPlatforms) = postSolution
		{103477D2-0A0D-43E2-BAE8-721DDAE607CB}.Debug|Any CPU.ActiveCfg = Debug|Any CPU
		{103477D2-0A0D-43E2-BAE8-721DDAE607CB}.Debug|Any CPU.Build.0 = Debug|Any CPU
		{103477D2-0A0D-43E2-BAE8-721DDAE607CB}.Release|Any CPU.ActiveCfg = Release|Any CPU
		{103477D2-0A0D-43E2-BAE8-721DDAE607CB}.Release|Any CPU.Build.0 = Release|Any CPU
		{A3B69ED0-AF20-4220-A21D-E6C4B44AF122}.Debug|Any CPU.ActiveCfg = Debug|Any CPU
		{A3B69ED0-AF20-4220-A21D-E6C4B44AF122}.Debug|Any CPU.Build.0 = Debug|Any CPU
		{A3B69ED0-AF20-4220-A21D-E6C4B44AF122}.Release|Any CPU.ActiveCfg = Release|Any CPU
		{A3B69ED0-AF20-4220-A21D-E6C4B44AF122}.Release|Any CPU.Build.0 = Release|Any CPU
		{433FC799-498F-4EBD-9DE9-6AC949C0C6BA}.Debug|Any CPU.ActiveCfg = Debug|Any CPU
		{433FC799-498F-4EBD-9DE9-6AC949C0C6BA}.Debug|Any CPU.Build.0 = Debug|Any CPU
		{433FC799-498F-4EBD-9DE9-6AC949C0C6BA}.Release|Any CPU.ActiveCfg = Release|Any CPU
		{433FC799-498F-4EBD-9DE9-6AC949C0C6BA}.Release|Any CPU.Build.0 = Release|Any CPU
	EndGlobalSection
	GlobalSection(SolutionProperties) = preSolution
		HideSolutionNode = FALSE
	EndGlobalSection
	GlobalSection(ExtensibilityGlobals) = postSolution
		SolutionGuid = {5898475F-80C2-485A-B83F-72A1BFF3E7F3}
	EndGlobalSection
EndGlobal
